// !$*UTF8*$!
{
	archiveVersion = 1;
	classes = {
	};
	objectVersion = 46;
	objects = {

/* Begin PBXBuildFile section */
		391327B31AA4CE80009EAFA9 /* main.m in Sources */ = {isa = PBXBuildFile; fileRef = 391327B21AA4CE80009EAFA9 /* main.m */; };
		391327B61AA4CE80009EAFA9 /* AppDelegate.m in Sources */ = {isa = PBXBuildFile; fileRef = 391327B51AA4CE80009EAFA9 /* AppDelegate.m */; };
		391327B91AA4CE80009EAFA9 /* MSSE_652.xcdatamodeld in Sources */ = {isa = PBXBuildFile; fileRef = 391327B71AA4CE80009EAFA9 /* MSSE_652.xcdatamodeld */; };
		391327BC1AA4CE80009EAFA9 /* ViewController.m in Sources */ = {isa = PBXBuildFile; fileRef = 391327BB1AA4CE80009EAFA9 /* ViewController.m */; };
		391327BF1AA4CE80009EAFA9 /* Main.storyboard in Resources */ = {isa = PBXBuildFile; fileRef = 391327BD1AA4CE80009EAFA9 /* Main.storyboard */; };
		391327C11AA4CE80009EAFA9 /* Images.xcassets in Resources */ = {isa = PBXBuildFile; fileRef = 391327C01AA4CE80009EAFA9 /* Images.xcassets */; };
		391327C41AA4CE80009EAFA9 /* LaunchScreen.xib in Resources */ = {isa = PBXBuildFile; fileRef = 391327C21AA4CE80009EAFA9 /* LaunchScreen.xib */; };
		391327D01AA4CE80009EAFA9 /* MSSE_652Tests.m in Sources */ = {isa = PBXBuildFile; fileRef = 391327CF1AA4CE80009EAFA9 /* MSSE_652Tests.m */; };
		391327DB1AA4CFB6009EAFA9 /* FirstViewController.m in Sources */ = {isa = PBXBuildFile; fileRef = 391327DA1AA4CFB6009EAFA9 /* FirstViewController.m */; };
		391327DE1AA4CFCA009EAFA9 /* SecondViewController.m in Sources */ = {isa = PBXBuildFile; fileRef = 391327DD1AA4CFCA009EAFA9 /* SecondViewController.m */; };
		3940FAFD1AC62FED0052D7D0 /* Article.m in Sources */ = {isa = PBXBuildFile; fileRef = 3940FAFC1AC62FED0052D7D0 /* Article.m */; };
		3940FB001AC62FED0052D7D0 /* ArticleList.m in Sources */ = {isa = PBXBuildFile; fileRef = 3940FAFF1AC62FED0052D7D0 /* ArticleList.m */; };
		3986D3FB1AC63FCA00AC1EB0 /* ArticleViewController.m in Sources */ = {isa = PBXBuildFile; fileRef = 3986D3FA1AC63FCA00AC1EB0 /* ArticleViewController.m */; };
		39F35AAF1AAE6A6600978BD8 /* ProgramsTableViewController.m in Sources */ = {isa = PBXBuildFile; fileRef = 39F35AAE1AAE6A6600978BD8 /* ProgramsTableViewController.m */; };
		F416C79E7EEBCF9C4F437861 /* libPods.a in Frameworks */ = {isa = PBXBuildFile; fileRef = 835C056288AAC0158A0D6EE1 /* libPods.a */; };
/* End PBXBuildFile section */

/* Begin PBXContainerItemProxy section */
		391327CA1AA4CE80009EAFA9 /* PBXContainerItemProxy */ = {
			isa = PBXContainerItemProxy;
			containerPortal = 391327A51AA4CE80009EAFA9 /* Project object */;
			proxyType = 1;
			remoteGlobalIDString = 391327AC1AA4CE80009EAFA9;
			remoteInfo = "MSSE 652";
		};
/* End PBXContainerItemProxy section */

/* Begin PBXFileReference section */
		097130390AF3AA09CA6FADBA /* Pods.debug.xcconfig */ = {isa = PBXFileReference; includeInIndex = 1; lastKnownFileType = text.xcconfig; name = Pods.debug.xcconfig; path = "Pods/Target Support Files/Pods/Pods.debug.xcconfig"; sourceTree = "<group>"; };
		391327AD1AA4CE80009EAFA9 /* MSSE 652.app */ = {isa = PBXFileReference; explicitFileType = wrapper.application; includeInIndex = 0; path = "MSSE 652.app"; sourceTree = BUILT_PRODUCTS_DIR; };
		391327B11AA4CE80009EAFA9 /* Info.plist */ = {isa = PBXFileReference; lastKnownFileType = text.plist.xml; path = Info.plist; sourceTree = "<group>"; };
		391327B21AA4CE80009EAFA9 /* main.m */ = {isa = PBXFileReference; lastKnownFileType = sourcecode.c.objc; path = main.m; sourceTree = "<group>"; };
		391327B41AA4CE80009EAFA9 /* AppDelegate.h */ = {isa = PBXFileReference; lastKnownFileType = sourcecode.c.h; path = AppDelegate.h; sourceTree = "<group>"; };
		391327B51AA4CE80009EAFA9 /* AppDelegate.m */ = {isa = PBXFileReference; lastKnownFileType = sourcecode.c.objc; path = AppDelegate.m; sourceTree = "<group>"; };
		391327B81AA4CE80009EAFA9 /* MSSE_652.xcdatamodel */ = {isa = PBXFileReference; lastKnownFileType = wrapper.xcdatamodel; path = MSSE_652.xcdatamodel; sourceTree = "<group>"; };
		391327BA1AA4CE80009EAFA9 /* ViewController.h */ = {isa = PBXFileReference; lastKnownFileType = sourcecode.c.h; path = ViewController.h; sourceTree = "<group>"; };
		391327BB1AA4CE80009EAFA9 /* ViewController.m */ = {isa = PBXFileReference; lastKnownFileType = sourcecode.c.objc; path = ViewController.m; sourceTree = "<group>"; };
		391327BE1AA4CE80009EAFA9 /* Base */ = {isa = PBXFileReference; lastKnownFileType = file.storyboard; name = Base; path = Base.lproj/Main.storyboard; sourceTree = "<group>"; };
		391327C01AA4CE80009EAFA9 /* Images.xcassets */ = {isa = PBXFileReference; lastKnownFileType = folder.assetcatalog; path = Images.xcassets; sourceTree = "<group>"; };
		391327C31AA4CE80009EAFA9 /* Base */ = {isa = PBXFileReference; lastKnownFileType = file.xib; name = Base; path = Base.lproj/LaunchScreen.xib; sourceTree = "<group>"; };
		391327C91AA4CE80009EAFA9 /* MSSE 652Tests.xctest */ = {isa = PBXFileReference; explicitFileType = wrapper.cfbundle; includeInIndex = 0; path = "MSSE 652Tests.xctest"; sourceTree = BUILT_PRODUCTS_DIR; };
		391327CE1AA4CE80009EAFA9 /* Info.plist */ = {isa = PBXFileReference; lastKnownFileType = text.plist.xml; path = Info.plist; sourceTree = "<group>"; };
		391327CF1AA4CE80009EAFA9 /* MSSE_652Tests.m */ = {isa = PBXFileReference; lastKnownFileType = sourcecode.c.objc; path = MSSE_652Tests.m; sourceTree = "<group>"; };
		391327D91AA4CFB6009EAFA9 /* FirstViewController.h */ = {isa = PBXFileReference; fileEncoding = 4; lastKnownFileType = sourcecode.c.h; path = FirstViewController.h; sourceTree = "<group>"; };
		391327DA1AA4CFB6009EAFA9 /* FirstViewController.m */ = {isa = PBXFileReference; fileEncoding = 4; lastKnownFileType = sourcecode.c.objc; path = FirstViewController.m; sourceTree = "<group>"; };
		391327DC1AA4CFCA009EAFA9 /* SecondViewController.h */ = {isa = PBXFileReference; fileEncoding = 4; lastKnownFileType = sourcecode.c.h; path = SecondViewController.h; sourceTree = "<group>"; };
		391327DD1AA4CFCA009EAFA9 /* SecondViewController.m */ = {isa = PBXFileReference; fileEncoding = 4; lastKnownFileType = sourcecode.c.objc; path = SecondViewController.m; sourceTree = "<group>"; };
		3940FAFB1AC62FED0052D7D0 /* Article.h */ = {isa = PBXFileReference; fileEncoding = 4; lastKnownFileType = sourcecode.c.h; path = Article.h; sourceTree = "<group>"; };
		3940FAFC1AC62FED0052D7D0 /* Article.m */ = {isa = PBXFileReference; fileEncoding = 4; lastKnownFileType = sourcecode.c.objc; path = Article.m; sourceTree = "<group>"; };
		3940FAFE1AC62FED0052D7D0 /* ArticleList.h */ = {isa = PBXFileReference; fileEncoding = 4; lastKnownFileType = sourcecode.c.h; path = ArticleList.h; sourceTree = "<group>"; };
		3940FAFF1AC62FED0052D7D0 /* ArticleList.m */ = {isa = PBXFileReference; fileEncoding = 4; lastKnownFileType = sourcecode.c.objc; path = ArticleList.m; sourceTree = "<group>"; };
		3986D3F91AC63FCA00AC1EB0 /* ArticleViewController.h */ = {isa = PBXFileReference; fileEncoding = 4; lastKnownFileType = sourcecode.c.h; path = ArticleViewController.h; sourceTree = "<group>"; };
		3986D3FA1AC63FCA00AC1EB0 /* ArticleViewController.m */ = {isa = PBXFileReference; fileEncoding = 4; lastKnownFileType = sourcecode.c.objc; path = ArticleViewController.m; sourceTree = "<group>"; };
		39F35AAD1AAE6A6600978BD8 /* ProgramsTableViewController.h */ = {isa = PBXFileReference; fileEncoding = 4; lastKnownFileType = sourcecode.c.h; path = ProgramsTableViewController.h; sourceTree = "<group>"; };
		39F35AAE1AAE6A6600978BD8 /* ProgramsTableViewController.m */ = {isa = PBXFileReference; fileEncoding = 4; lastKnownFileType = sourcecode.c.objc; path = ProgramsTableViewController.m; sourceTree = "<group>"; };
		835C056288AAC0158A0D6EE1 /* libPods.a */ = {isa = PBXFileReference; explicitFileType = archive.ar; includeInIndex = 0; path = libPods.a; sourceTree = BUILT_PRODUCTS_DIR; };
		BEF8CE64692998A5A53356A6 /* Pods.release.xcconfig */ = {isa = PBXFileReference; includeInIndex = 1; lastKnownFileType = text.xcconfig; name = Pods.release.xcconfig; path = "Pods/Target Support Files/Pods/Pods.release.xcconfig"; sourceTree = "<group>"; };
/* End PBXFileReference section */

/* Begin PBXFrameworksBuildPhase section */
		391327AA1AA4CE80009EAFA9 /* Frameworks */ = {
			isa = PBXFrameworksBuildPhase;
			buildActionMask = 2147483647;
			files = (
				F416C79E7EEBCF9C4F437861 /* libPods.a in Frameworks */,
			);
			runOnlyForDeploymentPostprocessing = 0;
		};
		391327C61AA4CE80009EAFA9 /* Frameworks */ = {
			isa = PBXFrameworksBuildPhase;
			buildActionMask = 2147483647;
			files = (
			);
			runOnlyForDeploymentPostprocessing = 0;
		};
/* End PBXFrameworksBuildPhase section */

/* Begin PBXGroup section */
		22EE467CC3FDEC8E5BAA626C /* Pods */ = {
			isa = PBXGroup;
			children = (
				097130390AF3AA09CA6FADBA /* Pods.debug.xcconfig */,
				BEF8CE64692998A5A53356A6 /* Pods.release.xcconfig */,
			);
			name = Pods;
			sourceTree = "<group>";
		};
		391327A41AA4CE80009EAFA9 = {
			isa = PBXGroup;
			children = (
				391327AF1AA4CE80009EAFA9 /* MSSE 652 */,
				391327CC1AA4CE80009EAFA9 /* MSSE 652Tests */,
				391327AE1AA4CE80009EAFA9 /* Products */,
				22EE467CC3FDEC8E5BAA626C /* Pods */,
				9DC45381094240755E371BC0 /* Frameworks */,
			);
			sourceTree = "<group>";
		};
		391327AE1AA4CE80009EAFA9 /* Products */ = {
			isa = PBXGroup;
			children = (
				391327AD1AA4CE80009EAFA9 /* MSSE 652.app */,
				391327C91AA4CE80009EAFA9 /* MSSE 652Tests.xctest */,
			);
			name = Products;
			sourceTree = "<group>";
		};
		391327AF1AA4CE80009EAFA9 /* MSSE 652 */ = {
			isa = PBXGroup;
			children = (
				391327BD1AA4CE80009EAFA9 /* Main.storyboard */,
				391327D91AA4CFB6009EAFA9 /* FirstViewController.h */,
				391327DA1AA4CFB6009EAFA9 /* FirstViewController.m */,
				391327DC1AA4CFCA009EAFA9 /* SecondViewController.h */,
				391327DD1AA4CFCA009EAFA9 /* SecondViewController.m */,
				391327B41AA4CE80009EAFA9 /* AppDelegate.h */,
				391327B51AA4CE80009EAFA9 /* AppDelegate.m */,
				391327BA1AA4CE80009EAFA9 /* ViewController.h */,
				391327BB1AA4CE80009EAFA9 /* ViewController.m */,
				391327C01AA4CE80009EAFA9 /* Images.xcassets */,
				391327C21AA4CE80009EAFA9 /* LaunchScreen.xib */,
				391327B71AA4CE80009EAFA9 /* MSSE_652.xcdatamodeld */,
				3940FAFE1AC62FED0052D7D0 /* ArticleList.h */,
				3940FAFF1AC62FED0052D7D0 /* ArticleList.m */,
				3940FAFB1AC62FED0052D7D0 /* Article.h */,
				3940FAFC1AC62FED0052D7D0 /* Article.m */,
				39F35AAD1AAE6A6600978BD8 /* ProgramsTableViewController.h */,
				39F35AAE1AAE6A6600978BD8 /* ProgramsTableViewController.m */,
				3986D3F91AC63FCA00AC1EB0 /* ArticleViewController.h */,
				3986D3FA1AC63FCA00AC1EB0 /* ArticleViewController.m */,
				391327B01AA4CE80009EAFA9 /* Supporting Files */,
			);
			path = "MSSE 652";
			sourceTree = "<group>";
		};
		391327B01AA4CE80009EAFA9 /* Supporting Files */ = {
			isa = PBXGroup;
			children = (
				391327B11AA4CE80009EAFA9 /* Info.plist */,
				391327B21AA4CE80009EAFA9 /* main.m */,
			);
			name = "Supporting Files";
			sourceTree = "<group>";
		};
		391327CC1AA4CE80009EAFA9 /* MSSE 652Tests */ = {
			isa = PBXGroup;
			children = (
				391327CF1AA4CE80009EAFA9 /* MSSE_652Tests.m */,
				391327CD1AA4CE80009EAFA9 /* Supporting Files */,
			);
			path = "MSSE 652Tests";
			sourceTree = "<group>";
		};
		391327CD1AA4CE80009EAFA9 /* Supporting Files */ = {
			isa = PBXGroup;
			children = (
				391327CE1AA4CE80009EAFA9 /* Info.plist */,
			);
			name = "Supporting Files";
			sourceTree = "<group>";
		};
		9DC45381094240755E371BC0 /* Frameworks */ = {
			isa = PBXGroup;
			children = (
				835C056288AAC0158A0D6EE1 /* libPods.a */,
			);
			name = Frameworks;
			sourceTree = "<group>";
		};
/* End PBXGroup section */

/* Begin PBXNativeTarget section */
		391327AC1AA4CE80009EAFA9 /* MSSE 652 */ = {
			isa = PBXNativeTarget;
			buildConfigurationList = 391327D31AA4CE80009EAFA9 /* Build configuration list for PBXNativeTarget "MSSE 652" */;
			buildPhases = (
				CAC31DB2FF88D2529D40324A /* Check Pods Manifest.lock */,
				391327A91AA4CE80009EAFA9 /* Sources */,
				391327AA1AA4CE80009EAFA9 /* Frameworks */,
				391327AB1AA4CE80009EAFA9 /* Resources */,
				51FDA4E0D868ED247CE2E963 /* Copy Pods Resources */,
			);
			buildRules = (
			);
			dependencies = (
			);
			name = "MSSE 652";
			productName = "MSSE 652";
			productReference = 391327AD1AA4CE80009EAFA9 /* MSSE 652.app */;
			productType = "com.apple.product-type.application";
		};
		391327C81AA4CE80009EAFA9 /* MSSE 652Tests */ = {
			isa = PBXNativeTarget;
			buildConfigurationList = 391327D61AA4CE80009EAFA9 /* Build configuration list for PBXNativeTarget "MSSE 652Tests" */;
			buildPhases = (
				391327C51AA4CE80009EAFA9 /* Sources */,
				391327C61AA4CE80009EAFA9 /* Frameworks */,
				391327C71AA4CE80009EAFA9 /* Resources */,
			);
			buildRules = (
			);
			dependencies = (
				391327CB1AA4CE80009EAFA9 /* PBXTargetDependency */,
			);
			name = "MSSE 652Tests";
			productName = "MSSE 652Tests";
			productReference = 391327C91AA4CE80009EAFA9 /* MSSE 652Tests.xctest */;
			productType = "com.apple.product-type.bundle.unit-test";
		};
/* End PBXNativeTarget section */

/* Begin PBXProject section */
		391327A51AA4CE80009EAFA9 /* Project object */ = {
			isa = PBXProject;
			attributes = {
				LastUpgradeCheck = 0610;
				ORGANIZATIONNAME = msse652;
				TargetAttributes = {
					391327AC1AA4CE80009EAFA9 = {
						CreatedOnToolsVersion = 6.1.1;
					};
					391327C81AA4CE80009EAFA9 = {
						CreatedOnToolsVersion = 6.1.1;
						TestTargetID = 391327AC1AA4CE80009EAFA9;
					};
				};
			};
			buildConfigurationList = 391327A81AA4CE80009EAFA9 /* Build configuration list for PBXProject "MSSE 652" */;
			compatibilityVersion = "Xcode 3.2";
			developmentRegion = English;
			hasScannedForEncodings = 0;
			knownRegions = (
				en,
				Base,
			);
			mainGroup = 391327A41AA4CE80009EAFA9;
			productRefGroup = 391327AE1AA4CE80009EAFA9 /* Products */;
			projectDirPath = "";
			projectRoot = "";
			targets = (
				391327AC1AA4CE80009EAFA9 /* MSSE 652 */,
				391327C81AA4CE80009EAFA9 /* MSSE 652Tests */,
			);
		};
/* End PBXProject section */

/* Begin PBXResourcesBuildPhase section */
		391327AB1AA4CE80009EAFA9 /* Resources */ = {
			isa = PBXResourcesBuildPhase;
			buildActionMask = 2147483647;
			files = (
				391327BF1AA4CE80009EAFA9 /* Main.storyboard in Resources */,
				391327C41AA4CE80009EAFA9 /* LaunchScreen.xib in Resources */,
				391327C11AA4CE80009EAFA9 /* Images.xcassets in Resources */,
			);
			runOnlyForDeploymentPostprocessing = 0;
		};
		391327C71AA4CE80009EAFA9 /* Resources */ = {
			isa = PBXResourcesBuildPhase;
			buildActionMask = 2147483647;
			files = (
			);
			runOnlyForDeploymentPostprocessing = 0;
		};
/* End PBXResourcesBuildPhase section */

/* Begin PBXShellScriptBuildPhase section */
		51FDA4E0D868ED247CE2E963 /* Copy Pods Resources */ = {
			isa = PBXShellScriptBuildPhase;
			buildActionMask = 2147483647;
			files = (
			);
			inputPaths = (
			);
			name = "Copy Pods Resources";
			outputPaths = (
			);
			runOnlyForDeploymentPostprocessing = 0;
			shellPath = /bin/sh;
			shellScript = "\"${SRCROOT}/Pods/Target Support Files/Pods/Pods-resources.sh\"\n";
			showEnvVarsInLog = 0;
		};
		CAC31DB2FF88D2529D40324A /* Check Pods Manifest.lock */ = {
			isa = PBXShellScriptBuildPhase;
			buildActionMask = 2147483647;
			files = (
			);
			inputPaths = (
			);
			name = "Check Pods Manifest.lock";
			outputPaths = (
			);
			runOnlyForDeploymentPostprocessing = 0;
			shellPath = /bin/sh;
			shellScript = "diff \"${PODS_ROOT}/../Podfile.lock\" \"${PODS_ROOT}/Manifest.lock\" > /dev/null\nif [[ $? != 0 ]] ; then\n    cat << EOM\nerror: The sandbox is not in sync with the Podfile.lock. Run 'pod install' or update your CocoaPods installation.\nEOM\n    exit 1\nfi\n";
			showEnvVarsInLog = 0;
		};
/* End PBXShellScriptBuildPhase section */

/* Begin PBXSourcesBuildPhase section */
		391327A91AA4CE80009EAFA9 /* Sources */ = {
			isa = PBXSourcesBuildPhase;
			buildActionMask = 2147483647;
			files = (
				3940FAFD1AC62FED0052D7D0 /* Article.m in Sources */,
				39F35AAF1AAE6A6600978BD8 /* ProgramsTableViewController.m in Sources */,
				3940FB001AC62FED0052D7D0 /* ArticleList.m in Sources */,
				391327DE1AA4CFCA009EAFA9 /* SecondViewController.m in Sources */,
				391327B91AA4CE80009EAFA9 /* MSSE_652.xcdatamodeld in Sources */,
				3986D3FB1AC63FCA00AC1EB0 /* ArticleViewController.m in Sources */,
				391327B61AA4CE80009EAFA9 /* AppDelegate.m in Sources */,
				391327DB1AA4CFB6009EAFA9 /* FirstViewController.m in Sources */,
				391327BC1AA4CE80009EAFA9 /* ViewController.m in Sources */,
				391327B31AA4CE80009EAFA9 /* main.m in Sources */,
			);
			runOnlyForDeploymentPostprocessing = 0;
		};
		391327C51AA4CE80009EAFA9 /* Sources */ = {
			isa = PBXSourcesBuildPhase;
			buildActionMask = 2147483647;
			files = (
				391327D01AA4CE80009EAFA9 /* MSSE_652Tests.m in Sources */,
			);
			runOnlyForDeploymentPostprocessing = 0;
		};
/* End PBXSourcesBuildPhase section */

/* Begin PBXTargetDependency section */
		391327CB1AA4CE80009EAFA9 /* PBXTargetDependency */ = {
			isa = PBXTargetDependency;
			target = 391327AC1AA4CE80009EAFA9 /* MSSE 652 */;
			targetProxy = 391327CA1AA4CE80009EAFA9 /* PBXContainerItemProxy */;
		};
/* End PBXTargetDependency section */

/* Begin PBXVariantGroup section */
		391327BD1AA4CE80009EAFA9 /* Main.storyboard */ = {
			isa = PBXVariantGroup;
			children = (
				391327BE1AA4CE80009EAFA9 /* Base */,
			);
			name = Main.storyboard;
			sourceTree = "<group>";
		};
		391327C21AA4CE80009EAFA9 /* LaunchScreen.xib */ = {
			isa = PBXVariantGroup;
			children = (
				391327C31AA4CE80009EAFA9 /* Base */,
			);
			name = LaunchScreen.xib;
			sourceTree = "<group>";
		};
/* End PBXVariantGroup section */

/* Begin XCBuildConfiguration section */
		391327D11AA4CE80009EAFA9 /* Debug */ = {
			isa = XCBuildConfiguration;
			buildSettings = {
				ALWAYS_SEARCH_USER_PATHS = NO;
				CLANG_CXX_LANGUAGE_STANDARD = "gnu++0x";
				CLANG_CXX_LIBRARY = "libc++";
				CLANG_ENABLE_MODULES = YES;
				CLANG_ENABLE_OBJC_ARC = YES;
				CLANG_WARN_BOOL_CONVERSION = YES;
				CLANG_WARN_CONSTANT_CONVERSION = YES;
				CLANG_WARN_DIRECT_OBJC_ISA_USAGE = YES_ERROR;
				CLANG_WARN_EMPTY_BODY = YES;
				CLANG_WARN_ENUM_CONVERSION = YES;
				CLANG_WARN_INT_CONVERSION = YES;
				CLANG_WARN_OBJC_ROOT_CLASS = YES_ERROR;
				CLANG_WARN_UNREACHABLE_CODE = YES;
				CLANG_WARN__DUPLICATE_METHOD_MATCH = YES;
				"CODE_SIGN_IDENTITY[sdk=iphoneos*]" = "iPhone Developer";
				COPY_PHASE_STRIP = NO;
				ENABLE_STRICT_OBJC_MSGSEND = YES;
				GCC_C_LANGUAGE_STANDARD = gnu99;
				GCC_DYNAMIC_NO_PIC = NO;
				GCC_OPTIMIZATION_LEVEL = 0;
				GCC_PREPROCESSOR_DEFINITIONS = (
					"DEBUG=1",
					"$(inherited)",
				);
				GCC_SYMBOLS_PRIVATE_EXTERN = NO;
				GCC_WARN_64_TO_32_BIT_CONVERSION = YES;
				GCC_WARN_ABOUT_RETURN_TYPE = YES_ERROR;
				GCC_WARN_UNDECLARED_SELECTOR = YES;
				GCC_WARN_UNINITIALIZED_AUTOS = YES_AGGRESSIVE;
				GCC_WARN_UNUSED_FUNCTION = YES;
				GCC_WARN_UNUSED_VARIABLE = YES;
				IPHONEOS_DEPLOYMENT_TARGET = 8.1;
				MTL_ENABLE_DEBUG_INFO = YES;
				ONLY_ACTIVE_ARCH = YES;
				SDKROOT = iphoneos;
			};
			name = Debug;
		};
		391327D21AA4CE80009EAFA9 /* Release */ = {
			isa = XCBuildConfiguration;
			buildSettings = {
				ALWAYS_SEARCH_USER_PATHS = NO;
				CLANG_CXX_LANGUAGE_STANDARD = "gnu++0x";
				CLANG_CXX_LIBRARY = "libc++";
				CLANG_ENABLE_MODULES = YES;
				CLANG_ENABLE_OBJC_ARC = YES;
				CLANG_WARN_BOOL_CONVERSION = YES;
				CLANG_WARN_CONSTANT_CONVERSION = YES;
				CLANG_WARN_DIRECT_OBJC_ISA_USAGE = YES_ERROR;
				CLANG_WARN_EMPTY_BODY = YES;
				CLANG_WARN_ENUM_CONVERSION = YES;
				CLANG_WARN_INT_CONVERSION = YES;
				CLANG_WARN_OBJC_ROOT_CLASS = YES_ERROR;
				CLANG_WARN_UNREACHABLE_CODE = YES;
				CLANG_WARN__DUPLICATE_METHOD_MATCH = YES;
				"CODE_SIGN_IDENTITY[sdk=iphoneos*]" = "iPhone Developer";
				COPY_PHASE_STRIP = YES;
				ENABLE_NS_ASSERTIONS = NO;
				ENABLE_STRICT_OBJC_MSGSEND = YES;
				GCC_C_LANGUAGE_STANDARD = gnu99;
				GCC_WARN_64_TO_32_BIT_CONVERSION = YES;
				GCC_WARN_ABOUT_RETURN_TYPE = YES_ERROR;
				GCC_WARN_UNDECLARED_SELECTOR = YES;
				GCC_WARN_UNINITIALIZED_AUTOS = YES_AGGRESSIVE;
				GCC_WARN_UNUSED_FUNCTION = YES;
				GCC_WARN_UNUSED_VARIABLE = YES;
				IPHONEOS_DEPLOYMENT_TARGET = 8.1;
				MTL_ENABLE_DEBUG_INFO = NO;
				SDKROOT = iphoneos;
				VALIDATE_PRODUCT = YES;
			};
			name = Release;
		};
		391327D41AA4CE80009EAFA9 /* Debug */ = {
			isa = XCBuildConfiguration;
			baseConfigurationReference = 097130390AF3AA09CA6FADBA /* Pods.debug.xcconfig */;
			buildSettings = {
				ASSETCATALOG_COMPILER_APPICON_NAME = AppIcon;
				INFOPLIST_FILE = "MSSE 652/Info.plist";
				LD_RUNPATH_SEARCH_PATHS = "$(inherited) @executable_path/Frameworks";
				PRODUCT_NAME = "$(TARGET_NAME)";
			};
			name = Debug;
		};
		391327D51AA4CE80009EAFA9 /* Release */ = {
			isa = XCBuildConfiguration;
			baseConfigurationReference = BEF8CE64692998A5A53356A6 /* Pods.release.xcconfig */;
			buildSettings = {
				ASSETCATALOG_COMPILER_APPICON_NAME = AppIcon;
				INFOPLIST_FILE = "MSSE 652/Info.plist";
				LD_RUNPATH_SEARCH_PATHS = "$(inherited) @executable_path/Frameworks";
				PRODUCT_NAME = "$(TARGET_NAME)";
			};
			name = Release;
		};
		391327D71AA4CE80009EAFA9 /* Debug */ = {
			isa = XCBuildConfiguration;
			buildSettings = {
				BUNDLE_LOADER = "$(TEST_HOST)";
				FRAMEWORK_SEARCH_PATHS = (
					"$(SDKROOT)/Developer/Library/Frameworks",
					"$(inherited)",
				);
				GCC_PREPROCESSOR_DEFINITIONS = (
					"DEBUG=1",
					"$(inherited)",
				);
				INFOPLIST_FILE = "MSSE 652Tests/Info.plist";
				LD_RUNPATH_SEARCH_PATHS = "$(inherited) @executable_path/Frameworks @loader_path/Frameworks";
				PRODUCT_NAME = "$(TARGET_NAME)";
				TEST_HOST = "$(BUILT_PRODUCTS_DIR)/MSSE 652.app/MSSE 652";
			};
			name = Debug;
		};
		391327D81AA4CE80009EAFA9 /* Release */ = {
			isa = XCBuildConfiguration;
			buildSettings = {
				BUNDLE_LOADER = "$(TEST_HOST)";
				FRAMEWORK_SEARCH_PATHS = (
					"$(SDKROOT)/Developer/Library/Frameworks",
					"$(inherited)",
				);
				INFOPLIST_FILE = "MSSE 652Tests/Info.plist";
				LD_RUNPATH_SEARCH_PATHS = "$(inherited) @executable_path/Frameworks @loader_path/Frameworks";
				PRODUCT_NAME = "$(TARGET_NAME)";
				TEST_HOST = "$(BUILT_PRODUCTS_DIR)/MSSE 652.app/MSSE 652";
			};
			name = Release;
		};
/* End XCBuildConfiguration section */

/* Begin XCConfigurationList section */
		391327A81AA4CE80009EAFA9 /* Build configuration list for PBXProject "MSSE 652" */ = {
			isa = XCConfigurationList;
			buildConfigurations = (
				391327D11AA4CE80009EAFA9 /* Debug */,
				391327D21AA4CE80009EAFA9 /* Release */,
			);
			defaultConfigurationIsVisible = 0;
			defaultConfigurationName = Release;
		};
		391327D31AA4CE80009EAFA9 /* Build configuration list for PBXNativeTarget "MSSE 652" */ = {
			isa = XCConfigurationList;
			buildConfigurations = (
				391327D41AA4CE80009EAFA9 /* Debug */,
				391327D51AA4CE80009EAFA9 /* Release */,
			);
			defaultConfigurationIsVisible = 0;
			defaultConfigurationName = Release;
		};
		391327D61AA4CE80009EAFA9 /* Build configuration list for PBXNativeTarget "MSSE 652Tests" */ = {
			isa = XCConfigurationList;
			buildConfigurations = (
				391327D71AA4CE80009EAFA9 /* Debug */,
				391327D81AA4CE80009EAFA9 /* Release */,
			);
			defaultConfigurationIsVisible = 0;
			defaultConfigurationName = Release;
		};
/* End XCConfigurationList section */

/* Begin XCVersionGroup section */
		391327B71AA4CE80009EAFA9 /* MSSE_652.xcdatamodeld */ = {
			isa = XCVersionGroup;
			children = (
				391327B81AA4CE80009EAFA9 /* MSSE_652.xcdatamodel */,
			);
			currentVersion = 391327B81AA4CE80009EAFA9 /* MSSE_652.xcdatamodel */;
			path = MSSE_652.xcdatamodeld;
			sourceTree = "<group>";
			versionGroupType = wrapper.xcdatamodel;
		};
/* End XCVersionGroup section */
	};
	rootObject = 391327A51AA4CE80009EAFA9 /* Project object */;
}
